// !$*UTF8*$!
{
	archiveVersion = 1;
	classes = {
	};
	objectVersion = 56;
	objects = {

/* Begin PBXBuildFile section */
		38D1239C296B9BF8008A8DB1 /* Percy_s_TriviaApp.swift in Sources */ = {isa = PBXBuildFile; fileRef = 38D1239B296B9BF8008A8DB1 /* Percy_s_TriviaApp.swift */; };
		38D1239E296B9BF8008A8DB1 /* ContentView.swift in Sources */ = {isa = PBXBuildFile; fileRef = 38D1239D296B9BF8008A8DB1 /* ContentView.swift */; };
		38D123A0296B9BF9008A8DB1 /* Assets.xcassets in Resources */ = {isa = PBXBuildFile; fileRef = 38D1239F296B9BF9008A8DB1 /* Assets.xcassets */; };
		38D123A3296B9BF9008A8DB1 /* Preview Assets.xcassets in Resources */ = {isa = PBXBuildFile; fileRef = 38D123A2296B9BF9008A8DB1 /* Preview Assets.xcassets */; };
		38D123AD296B9BF9008A8DB1 /* Percy_s_TriviaTests.swift in Sources */ = {isa = PBXBuildFile; fileRef = 38D123AC296B9BF9008A8DB1 /* Percy_s_TriviaTests.swift */; };
		38D123B7296B9BF9008A8DB1 /* Percy_s_TriviaUITests.swift in Sources */ = {isa = PBXBuildFile; fileRef = 38D123B6296B9BF9008A8DB1 /* Percy_s_TriviaUITests.swift */; };
		38D123B9296B9BF9008A8DB1 /* Percy_s_TriviaUITestsLaunchTests.swift in Sources */ = {isa = PBXBuildFile; fileRef = 38D123B8296B9BF9008A8DB1 /* Percy_s_TriviaUITestsLaunchTests.swift */; };
/* End PBXBuildFile section */

/* Begin PBXContainerItemProxy section */
		38D123A9296B9BF9008A8DB1 /* PBXContainerItemProxy */ = {
			isa = PBXContainerItemProxy;
			containerPortal = 38D12390296B9BF7008A8DB1 /* Project object */;
			proxyType = 1;
			remoteGlobalIDString = 38D12397296B9BF7008A8DB1;
			remoteInfo = "Percy's Trivia";
		};
		38D123B3296B9BF9008A8DB1 /* PBXContainerItemProxy */ = {
			isa = PBXContainerItemProxy;
			containerPortal = 38D12390296B9BF7008A8DB1 /* Project object */;
			proxyType = 1;
			remoteGlobalIDString = 38D12397296B9BF7008A8DB1;
			remoteInfo = "Percy's Trivia";
		};
/* End PBXContainerItemProxy section */

/* Begin PBXFileReference section */
		38D12398296B9BF8008A8DB1 /* Percy's Trivia.app */ = {isa = PBXFileReference; explicitFileType = wrapper.application; includeInIndex = 0; path = "Percy's Trivia.app"; sourceTree = BUILT_PRODUCTS_DIR; };
		38D1239B296B9BF8008A8DB1 /* Percy_s_TriviaApp.swift */ = {isa = PBXFileReference; lastKnownFileType = sourcecode.swift; path = Percy_s_TriviaApp.swift; sourceTree = "<group>"; };
		38D1239D296B9BF8008A8DB1 /* ContentView.swift */ = {isa = PBXFileReference; lastKnownFileType = sourcecode.swift; path = ContentView.swift; sourceTree = "<group>"; };
		38D1239F296B9BF9008A8DB1 /* Assets.xcassets */ = {isa = PBXFileReference; lastKnownFileType = folder.assetcatalog; path = Assets.xcassets; sourceTree = "<group>"; };
		38D123A2296B9BF9008A8DB1 /* Preview Assets.xcassets */ = {isa = PBXFileReference; lastKnownFileType = folder.assetcatalog; path = "Preview Assets.xcassets"; sourceTree = "<group>"; };
		38D123A8296B9BF9008A8DB1 /* Percy's TriviaTests.xctest */ = {isa = PBXFileReference; explicitFileType = wrapper.cfbundle; includeInIndex = 0; path = "Percy's TriviaTests.xctest"; sourceTree = BUILT_PRODUCTS_DIR; };
		38D123AC296B9BF9008A8DB1 /* Percy_s_TriviaTests.swift */ = {isa = PBXFileReference; lastKnownFileType = sourcecode.swift; path = Percy_s_TriviaTests.swift; sourceTree = "<group>"; };
		38D123B2296B9BF9008A8DB1 /* Percy's TriviaUITests.xctest */ = {isa = PBXFileReference; explicitFileType = wrapper.cfbundle; includeInIndex = 0; path = "Percy's TriviaUITests.xctest"; sourceTree = BUILT_PRODUCTS_DIR; };
		38D123B6296B9BF9008A8DB1 /* Percy_s_TriviaUITests.swift */ = {isa = PBXFileReference; lastKnownFileType = sourcecode.swift; path = Percy_s_TriviaUITests.swift; sourceTree = "<group>"; };
		38D123B8296B9BF9008A8DB1 /* Percy_s_TriviaUITestsLaunchTests.swift */ = {isa = PBXFileReference; lastKnownFileType = sourcecode.swift; path = Percy_s_TriviaUITestsLaunchTests.swift; sourceTree = "<group>"; };
/* End PBXFileReference section */

/* Begin PBXFrameworksBuildPhase section */
		38D12395296B9BF7008A8DB1 /* Frameworks */ = {
			isa = PBXFrameworksBuildPhase;
			buildActionMask = 2147483647;
			files = (
			);
			runOnlyForDeploymentPostprocessing = 0;
		};
		38D123A5296B9BF9008A8DB1 /* Frameworks */ = {
			isa = PBXFrameworksBuildPhase;
			buildActionMask = 2147483647;
			files = (
			);
			runOnlyForDeploymentPostprocessing = 0;
		};
		38D123AF296B9BF9008A8DB1 /* Frameworks */ = {
			isa = PBXFrameworksBuildPhase;
			buildActionMask = 2147483647;
			files = (
			);
			runOnlyForDeploymentPostprocessing = 0;
		};
/* End PBXFrameworksBuildPhase section */

/* Begin PBXGroup section */
		38D1238F296B9BF7008A8DB1 = {
			isa = PBXGroup;
			children = (
				38D1239A296B9BF8008A8DB1 /* Percy's Trivia */,
				38D123AB296B9BF9008A8DB1 /* Percy's TriviaTests */,
				38D123B5296B9BF9008A8DB1 /* Percy's TriviaUITests */,
				38D12399296B9BF8008A8DB1 /* Products */,
			);
			sourceTree = "<group>";
		};
		38D12399296B9BF8008A8DB1 /* Products */ = {
			isa = PBXGroup;
			children = (
				38D12398296B9BF8008A8DB1 /* Percy's Trivia.app */,
				38D123A8296B9BF9008A8DB1 /* Percy's TriviaTests.xctest */,
				38D123B2296B9BF9008A8DB1 /* Percy's TriviaUITests.xctest */,
			);
			name = Products;
			sourceTree = "<group>";
		};
		38D1239A296B9BF8008A8DB1 /* Percy's Trivia */ = {
			isa = PBXGroup;
			children = (
				38D1239B296B9BF8008A8DB1 /* Percy_s_TriviaApp.swift */,
				38D1239D296B9BF8008A8DB1 /* ContentView.swift */,
				38D1239F296B9BF9008A8DB1 /* Assets.xcassets */,
				38D123A1296B9BF9008A8DB1 /* Preview Content */,
			);
			path = "Percy's Trivia";
			sourceTree = "<group>";
		};
		38D123A1296B9BF9008A8DB1 /* Preview Content */ = {
			isa = PBXGroup;
			children = (
				38D123A2296B9BF9008A8DB1 /* Preview Assets.xcassets */,
			);
			path = "Preview Content";
			sourceTree = "<group>";
		};
		38D123AB296B9BF9008A8DB1 /* Percy's TriviaTests */ = {
			isa = PBXGroup;
			children = (
				38D123AC296B9BF9008A8DB1 /* Percy_s_TriviaTests.swift */,
			);
			path = "Percy's TriviaTests";
			sourceTree = "<group>";
		};
		38D123B5296B9BF9008A8DB1 /* Percy's TriviaUITests */ = {
			isa = PBXGroup;
			children = (
				38D123B6296B9BF9008A8DB1 /* Percy_s_TriviaUITests.swift */,
				38D123B8296B9BF9008A8DB1 /* Percy_s_TriviaUITestsLaunchTests.swift */,
			);
			path = "Percy's TriviaUITests";
			sourceTree = "<group>";
		};
/* End PBXGroup section */

/* Begin PBXNativeTarget section */
		38D12397296B9BF7008A8DB1 /* Percy's Trivia */ = {
			isa = PBXNativeTarget;
			buildConfigurationList = 38D123BC296B9BF9008A8DB1 /* Build configuration list for PBXNativeTarget "Percy's Trivia" */;
			buildPhases = (
				38D12394296B9BF7008A8DB1 /* Sources */,
				38D12395296B9BF7008A8DB1 /* Frameworks */,
				38D12396296B9BF7008A8DB1 /* Resources */,
			);
			buildRules = (
			);
			dependencies = (
			);
			name = "Percy's Trivia";
			productName = "Percy's Trivia";
			productReference = 38D12398296B9BF8008A8DB1 /* Percy's Trivia.app */;
			productType = "com.apple.product-type.application";
		};
		38D123A7296B9BF9008A8DB1 /* Percy's TriviaTests */ = {
			isa = PBXNativeTarget;
			buildConfigurationList = 38D123BF296B9BF9008A8DB1 /* Build configuration list for PBXNativeTarget "Percy's TriviaTests" */;
			buildPhases = (
				38D123A4296B9BF9008A8DB1 /* Sources */,
				38D123A5296B9BF9008A8DB1 /* Frameworks */,
				38D123A6296B9BF9008A8DB1 /* Resources */,
			);
			buildRules = (
			);
			dependencies = (
				38D123AA296B9BF9008A8DB1 /* PBXTargetDependency */,
			);
			name = "Percy's TriviaTests";
			productName = "Percy's TriviaTests";
			productReference = 38D123A8296B9BF9008A8DB1 /* Percy's TriviaTests.xctest */;
			productType = "com.apple.product-type.bundle.unit-test";
		};
		38D123B1296B9BF9008A8DB1 /* Percy's TriviaUITests */ = {
			isa = PBXNativeTarget;
			buildConfigurationList = 38D123C2296B9BF9008A8DB1 /* Build configuration list for PBXNativeTarget "Percy's TriviaUITests" */;
			buildPhases = (
				38D123AE296B9BF9008A8DB1 /* Sources */,
				38D123AF296B9BF9008A8DB1 /* Frameworks */,
				38D123B0296B9BF9008A8DB1 /* Resources */,
			);
			buildRules = (
			);
			dependencies = (
				38D123B4296B9BF9008A8DB1 /* PBXTargetDependency */,
			);
			name = "Percy's TriviaUITests";
			productName = "Percy's TriviaUITests";
			productReference = 38D123B2296B9BF9008A8DB1 /* Percy's TriviaUITests.xctest */;
			productType = "com.apple.product-type.bundle.ui-testing";
		};
/* End PBXNativeTarget section */

/* Begin PBXProject section */
		38D12390296B9BF7008A8DB1 /* Project object */ = {
			isa = PBXProject;
			attributes = {
				BuildIndependentTargetsInParallel = 1;
				LastSwiftUpdateCheck = 1420;
				LastUpgradeCheck = 1420;
				TargetAttributes = {
					38D12397296B9BF7008A8DB1 = {
						CreatedOnToolsVersion = 14.2;
					};
					38D123A7296B9BF9008A8DB1 = {
						CreatedOnToolsVersion = 14.2;
						TestTargetID = 38D12397296B9BF7008A8DB1;
					};
					38D123B1296B9BF9008A8DB1 = {
						CreatedOnToolsVersion = 14.2;
						TestTargetID = 38D12397296B9BF7008A8DB1;
					};
				};
			};
			buildConfigurationList = 38D12393296B9BF7008A8DB1 /* Build configuration list for PBXProject "Percy's Trivia" */;
			compatibilityVersion = "Xcode 14.0";
			developmentRegion = en;
			hasScannedForEncodings = 0;
			knownRegions = (
				en,
				Base,
			);
			mainGroup = 38D1238F296B9BF7008A8DB1;
			productRefGroup = 38D12399296B9BF8008A8DB1 /* Products */;
			projectDirPath = "";
			projectRoot = "";
			targets = (
				38D12397296B9BF7008A8DB1 /* Percy's Trivia */,
				38D123A7296B9BF9008A8DB1 /* Percy's TriviaTests */,
				38D123B1296B9BF9008A8DB1 /* Percy's TriviaUITests */,
			);
		};
/* End PBXProject section */

/* Begin PBXResourcesBuildPhase section */
		38D12396296B9BF7008A8DB1 /* Resources */ = {
			isa = PBXResourcesBuildPhase;
			buildActionMask = 2147483647;
			files = (
				38D123A3296B9BF9008A8DB1 /* Preview Assets.xcassets in Resources */,
				38D123A0296B9BF9008A8DB1 /* Assets.xcassets in Resources */,
			);
			runOnlyForDeploymentPostprocessing = 0;
		};
		38D123A6296B9BF9008A8DB1 /* Resources */ = {
			isa = PBXResourcesBuildPhase;
			buildActionMask = 2147483647;
			files = (
			);
			runOnlyForDeploymentPostprocessing = 0;
		};
		38D123B0296B9BF9008A8DB1 /* Resources */ = {
			isa = PBXResourcesBuildPhase;
			buildActionMask = 2147483647;
			files = (
			);
			runOnlyForDeploymentPostprocessing = 0;
		};
/* End PBXResourcesBuildPhase section */

/* Begin PBXSourcesBuildPhase section */
		38D12394296B9BF7008A8DB1 /* Sources */ = {
			isa = PBXSourcesBuildPhase;
			buildActionMask = 2147483647;
			files = (
				38D1239E296B9BF8008A8DB1 /* ContentView.swift in Sources */,
				38D1239C296B9BF8008A8DB1 /* Percy_s_TriviaApp.swift in Sources */,
			);
			runOnlyForDeploymentPostprocessing = 0;
		};
		38D123A4296B9BF9008A8DB1 /* Sources */ = {
			isa = PBXSourcesBuildPhase;
			buildActionMask = 2147483647;
			files = (
				38D123AD296B9BF9008A8DB1 /* Percy_s_TriviaTests.swift in Sources */,
			);
			runOnlyForDeploymentPostprocessing = 0;
		};
		38D123AE296B9BF9008A8DB1 /* Sources */ = {
			isa = PBXSourcesBuildPhase;
			buildActionMask = 2147483647;
			files = (
				38D123B7296B9BF9008A8DB1 /* Percy_s_TriviaUITests.swift in Sources */,
				38D123B9296B9BF9008A8DB1 /* Percy_s_TriviaUITestsLaunchTests.swift in Sources */,
			);
			runOnlyForDeploymentPostprocessing = 0;
		};
/* End PBXSourcesBuildPhase section */

/* Begin PBXTargetDependency section */
		38D123AA296B9BF9008A8DB1 /* PBXTargetDependency */ = {
			isa = PBXTargetDependency;
			target = 38D12397296B9BF7008A8DB1 /* Percy's Trivia */;
			targetProxy = 38D123A9296B9BF9008A8DB1 /* PBXContainerItemProxy */;
		};
		38D123B4296B9BF9008A8DB1 /* PBXTargetDependency */ = {
			isa = PBXTargetDependency;
			target = 38D12397296B9BF7008A8DB1 /* Percy's Trivia */;
			targetProxy = 38D123B3296B9BF9008A8DB1 /* PBXContainerItemProxy */;
		};
/* End PBXTargetDependency section */

/* Begin XCBuildConfiguration section */
		38D123BA296B9BF9008A8DB1 /* Debug */ = {
			isa = XCBuildConfiguration;
			buildSettings = {
				ALWAYS_SEARCH_USER_PATHS = NO;
				CLANG_ANALYZER_NONNULL = YES;
				CLANG_ANALYZER_NUMBER_OBJECT_CONVERSION = YES_AGGRESSIVE;
				CLANG_CXX_LANGUAGE_STANDARD = "gnu++20";
				CLANG_ENABLE_MODULES = YES;
				CLANG_ENABLE_OBJC_ARC = YES;
				CLANG_ENABLE_OBJC_WEAK = YES;
				CLANG_WARN_BLOCK_CAPTURE_AUTORELEASING = YES;
				CLANG_WARN_BOOL_CONVERSION = YES;
				CLANG_WARN_COMMA = YES;
				CLANG_WARN_CONSTANT_CONVERSION = YES;
				CLANG_WARN_DEPRECATED_OBJC_IMPLEMENTATIONS = YES;
				CLANG_WARN_DIRECT_OBJC_ISA_USAGE = YES_ERROR;
				CLANG_WARN_DOCUMENTATION_COMMENTS = YES;
				CLANG_WARN_EMPTY_BODY = YES;
				CLANG_WARN_ENUM_CONVERSION = YES;
				CLANG_WARN_INFINITE_RECURSION = YES;
				CLANG_WARN_INT_CONVERSION = YES;
				CLANG_WARN_NON_LITERAL_NULL_CONVERSION = YES;
				CLANG_WARN_OBJC_IMPLICIT_RETAIN_SELF = YES;
				CLANG_WARN_OBJC_LITERAL_CONVERSION = YES;
				CLANG_WARN_OBJC_ROOT_CLASS = YES_ERROR;
				CLANG_WARN_QUOTED_INCLUDE_IN_FRAMEWORK_HEADER = YES;
				CLANG_WARN_RANGE_LOOP_ANALYSIS = YES;
				CLANG_WARN_STRICT_PROTOTYPES = YES;
				CLANG_WARN_SUSPICIOUS_MOVE = YES;
				CLANG_WARN_UNGUARDED_AVAILABILITY = YES_AGGRESSIVE;
				CLANG_WARN_UNREACHABLE_CODE = YES;
				CLANG_WARN__DUPLICATE_METHOD_MATCH = YES;
				COPY_PHASE_STRIP = NO;
				DEBUG_INFORMATION_FORMAT = dwarf;
				ENABLE_STRICT_OBJC_MSGSEND = YES;
				ENABLE_TESTABILITY = YES;
				GCC_C_LANGUAGE_STANDARD = gnu11;
				GCC_DYNAMIC_NO_PIC = NO;
				GCC_NO_COMMON_BLOCKS = YES;
				GCC_OPTIMIZATION_LEVEL = 0;
				GCC_PREPROCESSOR_DEFINITIONS = (
					"DEBUG=1",
					"$(inherited)",
				);
				GCC_WARN_64_TO_32_BIT_CONVERSION = YES;
				GCC_WARN_ABOUT_RETURN_TYPE = YES_ERROR;
				GCC_WARN_UNDECLARED_SELECTOR = YES;
				GCC_WARN_UNINITIALIZED_AUTOS = YES_AGGRESSIVE;
				GCC_WARN_UNUSED_FUNCTION = YES;
				GCC_WARN_UNUSED_VARIABLE = YES;
				IPHONEOS_DEPLOYMENT_TARGET = 16.2;
				MTL_ENABLE_DEBUG_INFO = INCLUDE_SOURCE;
				MTL_FAST_MATH = YES;
				ONLY_ACTIVE_ARCH = YES;
				SDKROOT = iphoneos;
				SWIFT_ACTIVE_COMPILATION_CONDITIONS = DEBUG;
				SWIFT_OPTIMIZATION_LEVEL = "-Onone";
			};
			name = Debug;
		};
		38D123BB296B9BF9008A8DB1 /* Release */ = {
			isa = XCBuildConfiguration;
			buildSettings = {
				ALWAYS_SEARCH_USER_PATHS = NO;
				CLANG_ANALYZER_NONNULL = YES;
				CLANG_ANALYZER_NUMBER_OBJECT_CONVERSION = YES_AGGRESSIVE;
				CLANG_CXX_LANGUAGE_STANDARD = "gnu++20";
				CLANG_ENABLE_MODULES = YES;
				CLANG_ENABLE_OBJC_ARC = YES;
				CLANG_ENABLE_OBJC_WEAK = YES;
				CLANG_WARN_BLOCK_CAPTURE_AUTORELEASING = YES;
				CLANG_WARN_BOOL_CONVERSION = YES;
				CLANG_WARN_COMMA = YES;
				CLANG_WARN_CONSTANT_CONVERSION = YES;
				CLANG_WARN_DEPRECATED_OBJC_IMPLEMENTATIONS = YES;
				CLANG_WARN_DIRECT_OBJC_ISA_USAGE = YES_ERROR;
				CLANG_WARN_DOCUMENTATION_COMMENTS = YES;
				CLANG_WARN_EMPTY_BODY = YES;
				CLANG_WARN_ENUM_CONVERSION = YES;
				CLANG_WARN_INFINITE_RECURSION = YES;
				CLANG_WARN_INT_CONVERSION = YES;
				CLANG_WARN_NON_LITERAL_NULL_CONVERSION = YES;
				CLANG_WARN_OBJC_IMPLICIT_RETAIN_SELF = YES;
				CLANG_WARN_OBJC_LITERAL_CONVERSION = YES;
				CLANG_WARN_OBJC_ROOT_CLASS = YES_ERROR;
				CLANG_WARN_QUOTED_INCLUDE_IN_FRAMEWORK_HEADER = YES;
				CLANG_WARN_RANGE_LOOP_ANALYSIS = YES;
				CLANG_WARN_STRICT_PROTOTYPES = YES;
				CLANG_WARN_SUSPICIOUS_MOVE = YES;
				CLANG_WARN_UNGUARDED_AVAILABILITY = YES_AGGRESSIVE;
				CLANG_WARN_UNREACHABLE_CODE = YES;
				CLANG_WARN__DUPLICATE_METHOD_MATCH = YES;
				COPY_PHASE_STRIP = NO;
				DEBUG_INFORMATION_FORMAT = "dwarf-with-dsym";
				ENABLE_NS_ASSERTIONS = NO;
				ENABLE_STRICT_OBJC_MSGSEND = YES;
				GCC_C_LANGUAGE_STANDARD = gnu11;
				GCC_NO_COMMON_BLOCKS = YES;
				GCC_WARN_64_TO_32_BIT_CONVERSION = YES;
				GCC_WARN_ABOUT_RETURN_TYPE = YES_ERROR;
				GCC_WARN_UNDECLARED_SELECTOR = YES;
				GCC_WARN_UNINITIALIZED_AUTOS = YES_AGGRESSIVE;
				GCC_WARN_UNUSED_FUNCTION = YES;
				GCC_WARN_UNUSED_VARIABLE = YES;
				IPHONEOS_DEPLOYMENT_TARGET = 16.2;
				MTL_ENABLE_DEBUG_INFO = NO;
				MTL_FAST_MATH = YES;
				SDKROOT = iphoneos;
				SWIFT_COMPILATION_MODE = wholemodule;
				SWIFT_OPTIMIZATION_LEVEL = "-O";
				VALIDATE_PRODUCT = YES;
			};
			name = Release;
		};
		38D123BD296B9BF9008A8DB1 /* Debug */ = {
			isa = XCBuildConfiguration;
			buildSettings = {
				ASSETCATALOG_COMPILER_APPICON_NAME = AppIcon;
				ASSETCATALOG_COMPILER_GLOBAL_ACCENT_COLOR_NAME = AccentColor;
				CODE_SIGN_STYLE = Automatic;
				CURRENT_PROJECT_VERSION = 1;
				DEVELOPMENT_ASSET_PATHS = "\"Percy's Trivia/Preview Content\"";
				ENABLE_PREVIEWS = YES;
				GENERATE_INFOPLIST_FILE = YES;
				INFOPLIST_KEY_UIApplicationSceneManifest_Generation = YES;
				INFOPLIST_KEY_UIApplicationSupportsIndirectInputEvents = YES;
				INFOPLIST_KEY_UILaunchScreen_Generation = YES;
				INFOPLIST_KEY_UISupportedInterfaceOrientations_iPad = "UIInterfaceOrientationPortrait UIInterfaceOrientationPortraitUpsideDown UIInterfaceOrientationLandscapeLeft UIInterfaceOrientationLandscapeRight";
				INFOPLIST_KEY_UISupportedInterfaceOrientations_iPhone = "UIInterfaceOrientationPortrait UIInterfaceOrientationLandscapeLeft UIInterfaceOrientationLandscapeRight";
				LD_RUNPATH_SEARCH_PATHS = (
					"$(inherited)",
					"@executable_path/Frameworks",
				);
				MARKETING_VERSION = 1.0;
				PRODUCT_BUNDLE_IDENTIFIER = "com.hirav.Percy-s-Trivia";
				PRODUCT_NAME = "$(TARGET_NAME)";
				SWIFT_EMIT_LOC_STRINGS = YES;
				SWIFT_VERSION = 5.0;
				TARGETED_DEVICE_FAMILY = "1,2";
			};
			name = Debug;
		};
		38D123BE296B9BF9008A8DB1 /* Release */ = {
			isa = XCBuildConfiguration;
			buildSettings = {
				ASSETCATALOG_COMPILER_APPICON_NAME = AppIcon;
				ASSETCATALOG_COMPILER_GLOBAL_ACCENT_COLOR_NAME = AccentColor;
				CODE_SIGN_STYLE = Automatic;
				CURRENT_PROJECT_VERSION = 1;
				DEVELOPMENT_ASSET_PATHS = "\"Percy's Trivia/Preview Content\"";
				ENABLE_PREVIEWS = YES;
				GENERATE_INFOPLIST_FILE = YES;
				INFOPLIST_KEY_UIApplicationSceneManifest_Generation = YES;
				INFOPLIST_KEY_UIApplicationSupportsIndirectInputEvents = YES;
				INFOPLIST_KEY_UILaunchScreen_Generation = YES;
				INFOPLIST_KEY_UISupportedInterfaceOrientations_iPad = "UIInterfaceOrientationPortrait UIInterfaceOrientationPortraitUpsideDown UIInterfaceOrientationLandscapeLeft UIInterfaceOrientationLandscapeRight";
				INFOPLIST_KEY_UISupportedInterfaceOrientations_iPhone = "UIInterfaceOrientationPortrait UIInterfaceOrientationLandscapeLeft UIInterfaceOrientationLandscapeRight";
				LD_RUNPATH_SEARCH_PATHS = (
					"$(inherited)",
					"@executable_path/Frameworks",
				);
				MARKETING_VERSION = 1.0;
				PRODUCT_BUNDLE_IDENTIFIER = "com.hirav.Percy-s-Trivia";
				PRODUCT_NAME = "$(TARGET_NAME)";
				SWIFT_EMIT_LOC_STRINGS = YES;
				SWIFT_VERSION = 5.0;
				TARGETED_DEVICE_FAMILY = "1,2";
			};
			name = Release;
		};
		38D123C0296B9BF9008A8DB1 /* Debug */ = {
			isa = XCBuildConfiguration;
			buildSettings = {
				ALWAYS_EMBED_SWIFT_STANDARD_LIBRARIES = YES;
				BUNDLE_LOADER = "$(TEST_HOST)";
				CODE_SIGN_STYLE = Automatic;
				CURRENT_PROJECT_VERSION = 1;
				GENERATE_INFOPLIST_FILE = YES;
				IPHONEOS_DEPLOYMENT_TARGET = 16.2;
				MARKETING_VERSION = 1.0;
				PRODUCT_BUNDLE_IDENTIFIER = "com.hirav.Percy-s-TriviaTests";
				PRODUCT_NAME = "$(TARGET_NAME)";
				SWIFT_EMIT_LOC_STRINGS = NO;
				SWIFT_VERSION = 5.0;
				TARGETED_DEVICE_FAMILY = "1,2";
				TEST_HOST = "$(BUILT_PRODUCTS_DIR)/Percy's Trivia.app/$(BUNDLE_EXECUTABLE_FOLDER_PATH)/Percy's Trivia";
			};
			name = Debug;
		};
		38D123C1296B9BF9008A8DB1 /* Release */ = {
			isa = XCBuildConfiguration;
			buildSettings = {
				ALWAYS_EMBED_SWIFT_STANDARD_LIBRARIES = YES;
				BUNDLE_LOADER = "$(TEST_HOST)";
				CODE_SIGN_STYLE = Automatic;
				CURRENT_PROJECT_VERSION = 1;
				GENERATE_INFOPLIST_FILE = YES;
				IPHONEOS_DEPLOYMENT_TARGET = 16.2;
				MARKETING_VERSION = 1.0;
				PRODUCT_BUNDLE_IDENTIFIER = "com.hirav.Percy-s-TriviaTests";
				PRODUCT_NAME = "$(TARGET_NAME)";
				SWIFT_EMIT_LOC_STRINGS = NO;
				SWIFT_VERSION = 5.0;
				TARGETED_DEVICE_FAMILY = "1,2";
				TEST_HOST = "$(BUILT_PRODUCTS_DIR)/Percy's Trivia.app/$(BUNDLE_EXECUTABLE_FOLDER_PATH)/Percy's Trivia";
			};
			name = Release;
		};
		38D123C3296B9BF9008A8DB1 /* Debug */ = {
			isa = XCBuildConfiguration;
			buildSettings = {
				ALWAYS_EMBED_SWIFT_STANDARD_LIBRARIES = YES;
				CODE_SIGN_STYLE = Automatic;
				CURRENT_PROJECT_VERSION = 1;
				GENERATE_INFOPLIST_FILE = YES;
				MARKETING_VERSION = 1.0;
				PRODUCT_BUNDLE_IDENTIFIER = "com.hirav.Percy-s-TriviaUITests";
				PRODUCT_NAME = "$(TARGET_NAME)";
				SWIFT_EMIT_LOC_STRINGS = NO;
				SWIFT_VERSION = 5.0;
				TARGETED_DEVICE_FAMILY = "1,2";
				TEST_TARGET_NAME = "Percy's Trivia";
			};
			name = Debug;
		};
		38D123C4296B9BF9008A8DB1 /* Release */ = {
			isa = XCBuildConfiguration;
			buildSettings = {
				ALWAYS_EMBED_SWIFT_STANDARD_LIBRARIES = YES;
				CODE_SIGN_STYLE = Automatic;
				CURRENT_PROJECT_VERSION = 1;
				GENERATE_INFOPLIST_FILE = YES;
				MARKETING_VERSION = 1.0;
				PRODUCT_BUNDLE_IDENTIFIER = "com.hirav.Percy-s-TriviaUITests";
				PRODUCT_NAME = "$(TARGET_NAME)";
				SWIFT_EMIT_LOC_STRINGS = NO;
				SWIFT_VERSION = 5.0;
				TARGETED_DEVICE_FAMILY = "1,2";
				TEST_TARGET_NAME = "Percy's Trivia";
			};
			name = Release;
		};
/* End XCBuildConfiguration section */

/* Begin XCConfigurationList section */
		38D12393296B9BF7008A8DB1 /* Build configuration list for PBXProject "Percy's Trivia" */ = {
			isa = XCConfigurationList;
			buildConfigurations = (
				38D123BA296B9BF9008A8DB1 /* Debug */,
				38D123BB296B9BF9008A8DB1 /* Release */,
			);
			defaultConfigurationIsVisible = 0;
			defaultConfigurationName = Release;
		};
		38D123BC296B9BF9008A8DB1 /* Build configuration list for PBXNativeTarget "Percy's Trivia" */ = {
			isa = XCConfigurationList;
			buildConfigurations = (
				38D123BD296B9BF9008A8DB1 /* Debug */,
				38D123BE296B9BF9008A8DB1 /* Release */,
			);
			defaultConfigurationIsVisible = 0;
			defaultConfigurationName = Release;
		};
		38D123BF296B9BF9008A8DB1 /* Build configuration list for PBXNativeTarget "Percy's TriviaTests" */ = {
			isa = XCConfigurationList;
			buildConfigurations = (
				38D123C0296B9BF9008A8DB1 /* Debug */,
				38D123C1296B9BF9008A8DB1 /* Release */,
			);
			defaultConfigurationIsVisible = 0;
			defaultConfigurationName = Release;
		};
		38D123C2296B9BF9008A8DB1 /* Build configuration list for PBXNativeTarget "Percy's TriviaUITests" */ = {
			isa = XCConfigurationList;
			buildConfigurations = (
				38D123C3296B9BF9008A8DB1 /* Debug */,
				38D123C4296B9BF9008A8DB1 /* Release */,
			);
			defaultConfigurationIsVisible = 0;
			defaultConfigurationName = Release;
		};
/* End XCConfigurationList section */
	};
	rootObject = 38D12390296B9BF7008A8DB1 /* Project object */;
}
